
Microsoft Visual Studio Solution File, Format Version 12.00
# Visual Studio Version 17
VisualStudioVersion = 17.3.32819.101
MinimumVisualStudioVersion = 10.0.40219.1
Project("{FAE04EC0-301F-11D3-BF4B-00C04F79EFBC}") = "NguyenVanToan_0709", "NguyenVanToan_0709\NguyenVanToan_0709.csproj", "{51F4EBB0-4A16-4A0C-84FE-993338DC66F1}"
EndProject
Global
	GlobalSection(SolutionConfigurationPlatforms) = preSolution
		Debug|Any CPU = Debug|Any CPU
		Release|Any CPU = Release|Any CPU
	EndGlobalSection
	GlobalSection(ProjectConfigurationPlatforms) = postSolution
		{51F4EBB0-4A16-4A0C-84FE-993338DC66F1}.Debug|Any CPU.ActiveCfg = Debug|Any CPU
		{51F4EBB0-4A16-4A0C-84FE-993338DC66F1}.Debug|Any CPU.Build.0 = Debug|Any CPU
		{51F4EBB0-4A16-4A0C-84FE-993338DC66F1}.Release|Any CPU.ActiveCfg = Release|Any CPU
		{51F4EBB0-4A16-4A0C-84FE-993338DC66F1}.Release|Any CPU.Build.0 = Release|Any CPU
	EndGlobalSection
	GlobalSection(SolutionProperties) = preSolution
		HideSolutionNode = FALSE
	EndGlobalSection
	GlobalSection(ExtensibilityGlobals) = postSolution
		SolutionGuid = {16C3468F-8DBB-4F9D-8A74-0556AB1CD984}
	EndGlobalSection
EndGlobal
